
Microsoft Visual Studio Solution File, Format Version 12.00
# Visual Studio Version 17
VisualStudioVersion = 17.5.33502.453
MinimumVisualStudioVersion = 10.0.40219.1
Project("{9A19103F-16F7-4668-BE54-9A1E7A4F7556}") = "Uniquery", "Uniquery\Uniquery.csproj", "{A7F81703-C21F-4CD8-8484-3467D82E642D}"
EndProject
Project("{FAE04EC0-301F-11D3-BF4B-00C04F79EFBC}") = "UniquerySample", "UniquerySample\UniquerySample.csproj", "{1E6C9DEA-0400-4B2E-8B38-AA1E02323E75}"
EndProject
Global
	GlobalSection(SolutionConfigurationPlatforms) = preSolution
		Debug|Any CPU = Debug|Any CPU
		Release|Any CPU = Release|Any CPU
	EndGlobalSection
	GlobalSection(ProjectConfigurationPlatforms) = postSolution
		{A7F81703-C21F-4CD8-8484-3467D82E642D}.Debug|Any CPU.ActiveCfg = Debug|Any CPU
		{A7F81703-C21F-4CD8-8484-3467D82E642D}.Debug|Any CPU.Build.0 = Debug|Any CPU
		{A7F81703-C21F-4CD8-8484-3467D82E642D}.Release|Any CPU.ActiveCfg = Release|Any CPU
		{A7F81703-C21F-4CD8-8484-3467D82E642D}.Release|Any CPU.Build.0 = Release|Any CPU
		{1E6C9DEA-0400-4B2E-8B38-AA1E02323E75}.Debug|Any CPU.ActiveCfg = Debug|Any CPU
		{1E6C9DEA-0400-4B2E-8B38-AA1E02323E75}.Debug|Any CPU.Build.0 = Debug|Any CPU
		{1E6C9DEA-0400-4B2E-8B38-AA1E02323E75}.Release|Any CPU.ActiveCfg = Release|Any CPU
		{1E6C9DEA-0400-4B2E-8B38-AA1E02323E75}.Release|Any CPU.Build.0 = Release|Any CPU
	EndGlobalSection
	GlobalSection(SolutionProperties) = preSolution
		HideSolutionNode = FALSE
	EndGlobalSection
	GlobalSection(ExtensibilityGlobals) = postSolution
		SolutionGuid = {2F7D5F1E-88D4-4EFF-9FFB-CFED3167117F}
	EndGlobalSection
EndGlobal
